// !$*UTF8*$!
{
	archiveVersion = 1;
	classes = {
	};
	objectVersion = 50;
	objects = {

/* Begin PBXBuildFile section */
		199B978B221D10A400098825 /* AppDelegate.swift in Sources */ = {isa = PBXBuildFile; fileRef = 199B978A221D10A400098825 /* AppDelegate.swift */; };
		199B978D221D10A400098825 /* art.scnassets in Resources */ = {isa = PBXBuildFile; fileRef = 199B978C221D10A400098825 /* art.scnassets */; };
		199B978F221D10A400098825 /* ViewController.swift in Sources */ = {isa = PBXBuildFile; fileRef = 199B978E221D10A400098825 /* ViewController.swift */; };
		199B9792221D10A400098825 /* Main.storyboard in Resources */ = {isa = PBXBuildFile; fileRef = 199B9790221D10A400098825 /* Main.storyboard */; };
		199B9794221D10A500098825 /* Assets.xcassets in Resources */ = {isa = PBXBuildFile; fileRef = 199B9793221D10A500098825 /* Assets.xcassets */; };
		199B9797221D10A500098825 /* LaunchScreen.storyboard in Resources */ = {isa = PBXBuildFile; fileRef = 199B9795221D10A500098825 /* LaunchScreen.storyboard */; };
		199B97A2221D10A500098825 /* IHOTests.swift in Sources */ = {isa = PBXBuildFile; fileRef = 199B97A1221D10A500098825 /* IHOTests.swift */; };
		199B97AD221D10A500098825 /* IHOUITests.swift in Sources */ = {isa = PBXBuildFile; fileRef = 199B97AC221D10A500098825 /* IHOUITests.swift */; };
		B1D1DA2A2239D09B00485459 /* FossilInfoViewController.swift in Sources */ = {isa = PBXBuildFile; fileRef = B1D1DA292239D09B00485459 /* FossilInfoViewController.swift */; };
/* End PBXBuildFile section */

/* Begin PBXContainerItemProxy section */
		199B979E221D10A500098825 /* PBXContainerItemProxy */ = {
			isa = PBXContainerItemProxy;
			containerPortal = 199B977F221D10A400098825 /* Project object */;
			proxyType = 1;
			remoteGlobalIDString = 199B9786221D10A400098825;
			remoteInfo = IHO;
		};
		199B97A9221D10A500098825 /* PBXContainerItemProxy */ = {
			isa = PBXContainerItemProxy;
			containerPortal = 199B977F221D10A400098825 /* Project object */;
			proxyType = 1;
			remoteGlobalIDString = 199B9786221D10A400098825;
			remoteInfo = IHO;
		};
/* End PBXContainerItemProxy section */

/* Begin PBXFileReference section */
		199B9787221D10A400098825 /* IHO.app */ = {isa = PBXFileReference; explicitFileType = wrapper.application; includeInIndex = 0; path = IHO.app; sourceTree = BUILT_PRODUCTS_DIR; };
		199B978A221D10A400098825 /* AppDelegate.swift */ = {isa = PBXFileReference; lastKnownFileType = sourcecode.swift; path = AppDelegate.swift; sourceTree = "<group>"; };
		199B978C221D10A400098825 /* art.scnassets */ = {isa = PBXFileReference; lastKnownFileType = wrapper.scnassets; path = art.scnassets; sourceTree = "<group>"; };
		199B978E221D10A400098825 /* ViewController.swift */ = {isa = PBXFileReference; lastKnownFileType = sourcecode.swift; path = ViewController.swift; sourceTree = "<group>"; };
		199B9791221D10A400098825 /* Base */ = {isa = PBXFileReference; lastKnownFileType = file.storyboard; name = Base; path = Base.lproj/Main.storyboard; sourceTree = "<group>"; };
		199B9793221D10A500098825 /* Assets.xcassets */ = {isa = PBXFileReference; lastKnownFileType = folder.assetcatalog; path = Assets.xcassets; sourceTree = "<group>"; };
		199B9796221D10A500098825 /* Base */ = {isa = PBXFileReference; lastKnownFileType = file.storyboard; name = Base; path = Base.lproj/LaunchScreen.storyboard; sourceTree = "<group>"; };
		199B9798221D10A500098825 /* Info.plist */ = {isa = PBXFileReference; lastKnownFileType = text.plist.xml; path = Info.plist; sourceTree = "<group>"; };
		199B979D221D10A500098825 /* IHOTests.xctest */ = {isa = PBXFileReference; explicitFileType = wrapper.cfbundle; includeInIndex = 0; path = IHOTests.xctest; sourceTree = BUILT_PRODUCTS_DIR; };
		199B97A1221D10A500098825 /* IHOTests.swift */ = {isa = PBXFileReference; lastKnownFileType = sourcecode.swift; path = IHOTests.swift; sourceTree = "<group>"; };
		199B97A3221D10A500098825 /* Info.plist */ = {isa = PBXFileReference; lastKnownFileType = text.plist.xml; path = Info.plist; sourceTree = "<group>"; };
		199B97A8221D10A500098825 /* IHOUITests.xctest */ = {isa = PBXFileReference; explicitFileType = wrapper.cfbundle; includeInIndex = 0; path = IHOUITests.xctest; sourceTree = BUILT_PRODUCTS_DIR; };
		199B97AC221D10A500098825 /* IHOUITests.swift */ = {isa = PBXFileReference; lastKnownFileType = sourcecode.swift; path = IHOUITests.swift; sourceTree = "<group>"; };
		199B97AE221D10A500098825 /* Info.plist */ = {isa = PBXFileReference; lastKnownFileType = text.plist.xml; path = Info.plist; sourceTree = "<group>"; };
		B1D1DA292239D09B00485459 /* FossilInfoViewController.swift */ = {isa = PBXFileReference; lastKnownFileType = sourcecode.swift; path = FossilInfoViewController.swift; sourceTree = "<group>"; };
/* End PBXFileReference section */

/* Begin PBXFrameworksBuildPhase section */
		199B9784221D10A400098825 /* Frameworks */ = {
			isa = PBXFrameworksBuildPhase;
			buildActionMask = 2147483647;
			files = (
			);
			runOnlyForDeploymentPostprocessing = 0;
		};
		199B979A221D10A500098825 /* Frameworks */ = {
			isa = PBXFrameworksBuildPhase;
			buildActionMask = 2147483647;
			files = (
			);
			runOnlyForDeploymentPostprocessing = 0;
		};
		199B97A5221D10A500098825 /* Frameworks */ = {
			isa = PBXFrameworksBuildPhase;
			buildActionMask = 2147483647;
			files = (
			);
			runOnlyForDeploymentPostprocessing = 0;
		};
/* End PBXFrameworksBuildPhase section */

/* Begin PBXGroup section */
		199B977E221D10A400098825 = {
			isa = PBXGroup;
			children = (
				199B9789221D10A400098825 /* IHO */,
				199B97A0221D10A500098825 /* IHOTests */,
				199B97AB221D10A500098825 /* IHOUITests */,
				199B9788221D10A400098825 /* Products */,
			);
			sourceTree = "<group>";
		};
		199B9788221D10A400098825 /* Products */ = {
			isa = PBXGroup;
			children = (
				199B9787221D10A400098825 /* IHO.app */,
				199B979D221D10A500098825 /* IHOTests.xctest */,
				199B97A8221D10A500098825 /* IHOUITests.xctest */,
			);
			name = Products;
			sourceTree = "<group>";
		};
		199B9789221D10A400098825 /* IHO */ = {
			isa = PBXGroup;
			children = (
				199B978A221D10A400098825 /* AppDelegate.swift */,
				199B978C221D10A400098825 /* art.scnassets */,
				199B978E221D10A400098825 /* ViewController.swift */,
				199B9790221D10A400098825 /* Main.storyboard */,
				199B9793221D10A500098825 /* Assets.xcassets */,
				199B9795221D10A500098825 /* LaunchScreen.storyboard */,
				199B9798221D10A500098825 /* Info.plist */,
				B1D1DA292239D09B00485459 /* FossilInfoViewController.swift */,
			);
			path = IHO;
			sourceTree = "<group>";
		};
		199B97A0221D10A500098825 /* IHOTests */ = {
			isa = PBXGroup;
			children = (
				199B97A1221D10A500098825 /* IHOTests.swift */,
				199B97A3221D10A500098825 /* Info.plist */,
			);
			path = IHOTests;
			sourceTree = "<group>";
		};
		199B97AB221D10A500098825 /* IHOUITests */ = {
			isa = PBXGroup;
			children = (
				199B97AC221D10A500098825 /* IHOUITests.swift */,
				199B97AE221D10A500098825 /* Info.plist */,
			);
			path = IHOUITests;
			sourceTree = "<group>";
		};
/* End PBXGroup section */

/* Begin PBXNativeTarget section */
		199B9786221D10A400098825 /* IHO */ = {
			isa = PBXNativeTarget;
			buildConfigurationList = 199B97B1221D10A500098825 /* Build configuration list for PBXNativeTarget "IHO" */;
			buildPhases = (
				199B9783221D10A400098825 /* Sources */,
				199B9784221D10A400098825 /* Frameworks */,
				199B9785221D10A400098825 /* Resources */,
			);
			buildRules = (
			);
			dependencies = (
			);
			name = IHO;
			productName = IHO;
			productReference = 199B9787221D10A400098825 /* IHO.app */;
			productType = "com.apple.product-type.application";
		};
		199B979C221D10A500098825 /* IHOTests */ = {
			isa = PBXNativeTarget;
			buildConfigurationList = 199B97B4221D10A500098825 /* Build configuration list for PBXNativeTarget "IHOTests" */;
			buildPhases = (
				199B9799221D10A500098825 /* Sources */,
				199B979A221D10A500098825 /* Frameworks */,
				199B979B221D10A500098825 /* Resources */,
			);
			buildRules = (
			);
			dependencies = (
				199B979F221D10A500098825 /* PBXTargetDependency */,
			);
			name = IHOTests;
			productName = IHOTests;
			productReference = 199B979D221D10A500098825 /* IHOTests.xctest */;
			productType = "com.apple.product-type.bundle.unit-test";
		};
		199B97A7221D10A500098825 /* IHOUITests */ = {
			isa = PBXNativeTarget;
			buildConfigurationList = 199B97B7221D10A500098825 /* Build configuration list for PBXNativeTarget "IHOUITests" */;
			buildPhases = (
				199B97A4221D10A500098825 /* Sources */,
				199B97A5221D10A500098825 /* Frameworks */,
				199B97A6221D10A500098825 /* Resources */,
			);
			buildRules = (
			);
			dependencies = (
				199B97AA221D10A500098825 /* PBXTargetDependency */,
			);
			name = IHOUITests;
			productName = IHOUITests;
			productReference = 199B97A8221D10A500098825 /* IHOUITests.xctest */;
			productType = "com.apple.product-type.bundle.ui-testing";
		};
/* End PBXNativeTarget section */

/* Begin PBXProject section */
		199B977F221D10A400098825 /* Project object */ = {
			isa = PBXProject;
			attributes = {
				LastSwiftUpdateCheck = 1010;
				LastUpgradeCheck = 1010;
				ORGANIZATIONNAME = "Desai, Dhruti";
				TargetAttributes = {
					199B9786221D10A400098825 = {
						CreatedOnToolsVersion = 10.1;
					};
					199B979C221D10A500098825 = {
						CreatedOnToolsVersion = 10.1;
						TestTargetID = 199B9786221D10A400098825;
					};
					199B97A7221D10A500098825 = {
						CreatedOnToolsVersion = 10.1;
						TestTargetID = 199B9786221D10A400098825;
					};
				};
			};
			buildConfigurationList = 199B9782221D10A400098825 /* Build configuration list for PBXProject "IHO" */;
			compatibilityVersion = "Xcode 9.3";
			developmentRegion = en;
			hasScannedForEncodings = 0;
			knownRegions = (
				en,
				Base,
			);
			mainGroup = 199B977E221D10A400098825;
			productRefGroup = 199B9788221D10A400098825 /* Products */;
			projectDirPath = "";
			projectRoot = "";
			targets = (
				199B9786221D10A400098825 /* IHO */,
				199B979C221D10A500098825 /* IHOTests */,
				199B97A7221D10A500098825 /* IHOUITests */,
			);
		};
/* End PBXProject section */

/* Begin PBXResourcesBuildPhase section */
		199B9785221D10A400098825 /* Resources */ = {
			isa = PBXResourcesBuildPhase;
			buildActionMask = 2147483647;
			files = (
				199B978D221D10A400098825 /* art.scnassets in Resources */,
				199B9797221D10A500098825 /* LaunchScreen.storyboard in Resources */,
				199B9794221D10A500098825 /* Assets.xcassets in Resources */,
				199B9792221D10A400098825 /* Main.storyboard in Resources */,
			);
			runOnlyForDeploymentPostprocessing = 0;
		};
		199B979B221D10A500098825 /* Resources */ = {
			isa = PBXResourcesBuildPhase;
			buildActionMask = 2147483647;
			files = (
			);
			runOnlyForDeploymentPostprocessing = 0;
		};
		199B97A6221D10A500098825 /* Resources */ = {
			isa = PBXResourcesBuildPhase;
			buildActionMask = 2147483647;
			files = (
			);
			runOnlyForDeploymentPostprocessing = 0;
		};
/* End PBXResourcesBuildPhase section */

/* Begin PBXSourcesBuildPhase section */
		199B9783221D10A400098825 /* Sources */ = {
			isa = PBXSourcesBuildPhase;
			buildActionMask = 2147483647;
			files = (
				B1D1DA2A2239D09B00485459 /* FossilInfoViewController.swift in Sources */,
				199B978F221D10A400098825 /* ViewController.swift in Sources */,
				199B978B221D10A400098825 /* AppDelegate.swift in Sources */,
			);
			runOnlyForDeploymentPostprocessing = 0;
		};
		199B9799221D10A500098825 /* Sources */ = {
			isa = PBXSourcesBuildPhase;
			buildActionMask = 2147483647;
			files = (
				199B97A2221D10A500098825 /* IHOTests.swift in Sources */,
			);
			runOnlyForDeploymentPostprocessing = 0;
		};
		199B97A4221D10A500098825 /* Sources */ = {
			isa = PBXSourcesBuildPhase;
			buildActionMask = 2147483647;
			files = (
				199B97AD221D10A500098825 /* IHOUITests.swift in Sources */,
			);
			runOnlyForDeploymentPostprocessing = 0;
		};
/* End PBXSourcesBuildPhase section */

/* Begin PBXTargetDependency section */
		199B979F221D10A500098825 /* PBXTargetDependency */ = {
			isa = PBXTargetDependency;
			target = 199B9786221D10A400098825 /* IHO */;
			targetProxy = 199B979E221D10A500098825 /* PBXContainerItemProxy */;
		};
		199B97AA221D10A500098825 /* PBXTargetDependency */ = {
			isa = PBXTargetDependency;
			target = 199B9786221D10A400098825 /* IHO */;
			targetProxy = 199B97A9221D10A500098825 /* PBXContainerItemProxy */;
		};
/* End PBXTargetDependency section */

/* Begin PBXVariantGroup section */
		199B9790221D10A400098825 /* Main.storyboard */ = {
			isa = PBXVariantGroup;
			children = (
				199B9791221D10A400098825 /* Base */,
			);
			name = Main.storyboard;
			sourceTree = "<group>";
		};
		199B9795221D10A500098825 /* LaunchScreen.storyboard */ = {
			isa = PBXVariantGroup;
			children = (
				199B9796221D10A500098825 /* Base */,
			);
			name = LaunchScreen.storyboard;
			sourceTree = "<group>";
		};
/* End PBXVariantGroup section */

/* Begin XCBuildConfiguration section */
		199B97AF221D10A500098825 /* Debug */ = {
			isa = XCBuildConfiguration;
			buildSettings = {
				ALWAYS_SEARCH_USER_PATHS = NO;
				CLANG_ANALYZER_NONNULL = YES;
				CLANG_ANALYZER_NUMBER_OBJECT_CONVERSION = YES_AGGRESSIVE;
				CLANG_CXX_LANGUAGE_STANDARD = "gnu++14";
				CLANG_CXX_LIBRARY = "libc++";
				CLANG_ENABLE_MODULES = YES;
				CLANG_ENABLE_OBJC_ARC = YES;
				CLANG_ENABLE_OBJC_WEAK = YES;
				CLANG_WARN_BLOCK_CAPTURE_AUTORELEASING = YES;
				CLANG_WARN_BOOL_CONVERSION = YES;
				CLANG_WARN_COMMA = YES;
				CLANG_WARN_CONSTANT_CONVERSION = YES;
				CLANG_WARN_DEPRECATED_OBJC_IMPLEMENTATIONS = YES;
				CLANG_WARN_DIRECT_OBJC_ISA_USAGE = YES_ERROR;
				CLANG_WARN_DOCUMENTATION_COMMENTS = YES;
				CLANG_WARN_EMPTY_BODY = YES;
				CLANG_WARN_ENUM_CONVERSION = YES;
				CLANG_WARN_INFINITE_RECURSION = YES;
				CLANG_WARN_INT_CONVERSION = YES;
				CLANG_WARN_NON_LITERAL_NULL_CONVERSION = YES;
				CLANG_WARN_OBJC_IMPLICIT_RETAIN_SELF = YES;
				CLANG_WARN_OBJC_LITERAL_CONVERSION = YES;
				CLANG_WARN_OBJC_ROOT_CLASS = YES_ERROR;
				CLANG_WARN_RANGE_LOOP_ANALYSIS = YES;
				CLANG_WARN_STRICT_PROTOTYPES = YES;
				CLANG_WARN_SUSPICIOUS_MOVE = YES;
				CLANG_WARN_UNGUARDED_AVAILABILITY = YES_AGGRESSIVE;
				CLANG_WARN_UNREACHABLE_CODE = YES;
				CLANG_WARN__DUPLICATE_METHOD_MATCH = YES;
				CODE_SIGN_IDENTITY = "iPhone Developer";
				COPY_PHASE_STRIP = NO;
				DEBUG_INFORMATION_FORMAT = dwarf;
				ENABLE_STRICT_OBJC_MSGSEND = YES;
				ENABLE_TESTABILITY = YES;
				GCC_C_LANGUAGE_STANDARD = gnu11;
				GCC_DYNAMIC_NO_PIC = NO;
				GCC_NO_COMMON_BLOCKS = YES;
				GCC_OPTIMIZATION_LEVEL = 0;
				GCC_PREPROCESSOR_DEFINITIONS = (
					"DEBUG=1",
					"$(inherited)",
				);
				GCC_WARN_64_TO_32_BIT_CONVERSION = YES;
				GCC_WARN_ABOUT_RETURN_TYPE = YES_ERROR;
				GCC_WARN_UNDECLARED_SELECTOR = YES;
				GCC_WARN_UNINITIALIZED_AUTOS = YES_AGGRESSIVE;
				GCC_WARN_UNUSED_FUNCTION = YES;
				GCC_WARN_UNUSED_VARIABLE = YES;
				IPHONEOS_DEPLOYMENT_TARGET = 12.1;
				MTL_ENABLE_DEBUG_INFO = INCLUDE_SOURCE;
				MTL_FAST_MATH = YES;
				ONLY_ACTIVE_ARCH = YES;
				SDKROOT = iphoneos;
				SWIFT_ACTIVE_COMPILATION_CONDITIONS = DEBUG;
				SWIFT_OPTIMIZATION_LEVEL = "-Onone";
			};
			name = Debug;
		};
		199B97B0221D10A500098825 /* Release */ = {
			isa = XCBuildConfiguration;
			buildSettings = {
				ALWAYS_SEARCH_USER_PATHS = NO;
				CLANG_ANALYZER_NONNULL = YES;
				CLANG_ANALYZER_NUMBER_OBJECT_CONVERSION = YES_AGGRESSIVE;
				CLANG_CXX_LANGUAGE_STANDARD = "gnu++14";
				CLANG_CXX_LIBRARY = "libc++";
				CLANG_ENABLE_MODULES = YES;
				CLANG_ENABLE_OBJC_ARC = YES;
				CLANG_ENABLE_OBJC_WEAK = YES;
				CLANG_WARN_BLOCK_CAPTURE_AUTORELEASING = YES;
				CLANG_WARN_BOOL_CONVERSION = YES;
				CLANG_WARN_COMMA = YES;
				CLANG_WARN_CONSTANT_CONVERSION = YES;
				CLANG_WARN_DEPRECATED_OBJC_IMPLEMENTATIONS = YES;
				CLANG_WARN_DIRECT_OBJC_ISA_USAGE = YES_ERROR;
				CLANG_WARN_DOCUMENTATION_COMMENTS = YES;
				CLANG_WARN_EMPTY_BODY = YES;
				CLANG_WARN_ENUM_CONVERSION = YES;
				CLANG_WARN_INFINITE_RECURSION = YES;
				CLANG_WARN_INT_CONVERSION = YES;
				CLANG_WARN_NON_LITERAL_NULL_CONVERSION = YES;
				CLANG_WARN_OBJC_IMPLICIT_RETAIN_SELF = YES;
				CLANG_WARN_OBJC_LITERAL_CONVERSION = YES;
				CLANG_WARN_OBJC_ROOT_CLASS = YES_ERROR;
				CLANG_WARN_RANGE_LOOP_ANALYSIS = YES;
				CLANG_WARN_STRICT_PROTOTYPES = YES;
				CLANG_WARN_SUSPICIOUS_MOVE = YES;
				CLANG_WARN_UNGUARDED_AVAILABILITY = YES_AGGRESSIVE;
				CLANG_WARN_UNREACHABLE_CODE = YES;
				CLANG_WARN__DUPLICATE_METHOD_MATCH = YES;
				CODE_SIGN_IDENTITY = "iPhone Developer";
				COPY_PHASE_STRIP = NO;
				DEBUG_INFORMATION_FORMAT = "dwarf-with-dsym";
				ENABLE_NS_ASSERTIONS = NO;
				ENABLE_STRICT_OBJC_MSGSEND = YES;
				GCC_C_LANGUAGE_STANDARD = gnu11;
				GCC_NO_COMMON_BLOCKS = YES;
				GCC_WARN_64_TO_32_BIT_CONVERSION = YES;
				GCC_WARN_ABOUT_RETURN_TYPE = YES_ERROR;
				GCC_WARN_UNDECLARED_SELECTOR = YES;
				GCC_WARN_UNINITIALIZED_AUTOS = YES_AGGRESSIVE;
				GCC_WARN_UNUSED_FUNCTION = YES;
				GCC_WARN_UNUSED_VARIABLE = YES;
				IPHONEOS_DEPLOYMENT_TARGET = 12.1;
				MTL_ENABLE_DEBUG_INFO = NO;
				MTL_FAST_MATH = YES;
				SDKROOT = iphoneos;
				SWIFT_COMPILATION_MODE = wholemodule;
				SWIFT_OPTIMIZATION_LEVEL = "-O";
				VALIDATE_PRODUCT = YES;
			};
			name = Release;
		};
		199B97B2221D10A500098825 /* Debug */ = {
			isa = XCBuildConfiguration;
			buildSettings = {
				ASSETCATALOG_COMPILER_APPICON_NAME = AppIcon;
				CODE_SIGN_IDENTITY = "iPhone Developer";
				CODE_SIGN_STYLE = Automatic;
				DEVELOPMENT_TEAM = PZB7UGJXSL;
				INFOPLIST_FILE = IHO/Info.plist;
				LD_RUNPATH_SEARCH_PATHS = (
					"$(inherited)",
					"@executable_path/Frameworks",
				);
				PRODUCT_BUNDLE_IDENTIFIER = "First-App.IHO";
				PRODUCT_NAME = "$(TARGET_NAME)";
				PROVISIONING_PROFILE_SPECIFIER = "";
				SWIFT_VERSION = 4.2;
				TARGETED_DEVICE_FAMILY = "1,2";
			};
			name = Debug;
		};
		199B97B3221D10A500098825 /* Release */ = {
			isa = XCBuildConfiguration;
			buildSettings = {
				ASSETCATALOG_COMPILER_APPICON_NAME = AppIcon;
				CODE_SIGN_IDENTITY = "iPhone Developer";
				CODE_SIGN_STYLE = Automatic;
				DEVELOPMENT_TEAM = PZB7UGJXSL;
				INFOPLIST_FILE = IHO/Info.plist;
				LD_RUNPATH_SEARCH_PATHS = (
					"$(inherited)",
					"@executable_path/Frameworks",
				);
				PRODUCT_BUNDLE_IDENTIFIER = "First-App.IHO";
				PRODUCT_NAME = "$(TARGET_NAME)";
				PROVISIONING_PROFILE_SPECIFIER = "";
				SWIFT_VERSION = 4.2;
				TARGETED_DEVICE_FAMILY = "1,2";
			};
			name = Release;
		};
		199B97B5221D10A500098825 /* Debug */ = {
			isa = XCBuildConfiguration;
			buildSettings = {
				ALWAYS_EMBED_SWIFT_STANDARD_LIBRARIES = YES;
				BUNDLE_LOADER = "$(TEST_HOST)";
				CODE_SIGN_STYLE = Automatic;
				INFOPLIST_FILE = IHOTests/Info.plist;
				LD_RUNPATH_SEARCH_PATHS = (
					"$(inherited)",
					"@executable_path/Frameworks",
					"@loader_path/Frameworks",
				);
				PRODUCT_BUNDLE_IDENTIFIER = "First-App.IHOTests";
				PRODUCT_NAME = "$(TARGET_NAME)";
				SWIFT_VERSION = 4.2;
				TARGETED_DEVICE_FAMILY = "1,2";
				TEST_HOST = "$(BUILT_PRODUCTS_DIR)/IHO.app/IHO";
			};
			name = Debug;
		};
		199B97B6221D10A500098825 /* Release */ = {
			isa = XCBuildConfiguration;
			buildSettings = {
				ALWAYS_EMBED_SWIFT_STANDARD_LIBRARIES = YES;
				BUNDLE_LOADER = "$(TEST_HOST)";
				CODE_SIGN_STYLE = Automatic;
				INFOPLIST_FILE = IHOTests/Info.plist;
				LD_RUNPATH_SEARCH_PATHS = (
					"$(inherited)",
					"@executable_path/Frameworks",
					"@loader_path/Frameworks",
				);
				PRODUCT_BUNDLE_IDENTIFIER = "First-App.IHOTests";
				PRODUCT_NAME = "$(TARGET_NAME)";
				SWIFT_VERSION = 4.2;
				TARGETED_DEVICE_FAMILY = "1,2";
				TEST_HOST = "$(BUILT_PRODUCTS_DIR)/IHO.app/IHO";
			};
			name = Release;
		};
		199B97B8221D10A500098825 /* Debug */ = {
			isa = XCBuildConfiguration;
			buildSettings = {
				ALWAYS_EMBED_SWIFT_STANDARD_LIBRARIES = YES;
				CODE_SIGN_STYLE = Automatic;
				INFOPLIST_FILE = IHOUITests/Info.plist;
				LD_RUNPATH_SEARCH_PATHS = (
					"$(inherited)",
					"@executable_path/Frameworks",
					"@loader_path/Frameworks",
				);
				PRODUCT_BUNDLE_IDENTIFIER = "First-App.IHOUITests";
				PRODUCT_NAME = "$(TARGET_NAME)";
				SWIFT_VERSION = 4.2;
				TARGETED_DEVICE_FAMILY = "1,2";
				TEST_TARGET_NAME = IHO;
			};
			name = Debug;
		};
		199B97B9221D10A500098825 /* Release */ = {
			isa = XCBuildConfiguration;
			buildSettings = {
				ALWAYS_EMBED_SWIFT_STANDARD_LIBRARIES = YES;
				CODE_SIGN_STYLE = Automatic;
				INFOPLIST_FILE = IHOUITests/Info.plist;
				LD_RUNPATH_SEARCH_PATHS = (
					"$(inherited)",
					"@executable_path/Frameworks",
					"@loader_path/Frameworks",
				);
				PRODUCT_BUNDLE_IDENTIFIER = "First-App.IHOUITests";
				PRODUCT_NAME = "$(TARGET_NAME)";
				SWIFT_VERSION = 4.2;
				TARGETED_DEVICE_FAMILY = "1,2";
				TEST_TARGET_NAME = IHO;
			};
			name = Release;
		};
/* End XCBuildConfiguration section */

/* Begin XCConfigurationList section */
		199B9782221D10A400098825 /* Build configuration list for PBXProject "IHO" */ = {
			isa = XCConfigurationList;
			buildConfigurations = (
				199B97AF221D10A500098825 /* Debug */,
				199B97B0221D10A500098825 /* Release */,
			);
			defaultConfigurationIsVisible = 0;
			defaultConfigurationName = Release;
		};
		199B97B1221D10A500098825 /* Build configuration list for PBXNativeTarget "IHO" */ = {
			isa = XCConfigurationList;
			buildConfigurations = (
				199B97B2221D10A500098825 /* Debug */,
				199B97B3221D10A500098825 /* Release */,
			);
			defaultConfigurationIsVisible = 0;
			defaultConfigurationName = Release;
		};
		199B97B4221D10A500098825 /* Build configuration list for PBXNativeTarget "IHOTests" */ = {
			isa = XCConfigurationList;
			buildConfigurations = (
				199B97B5221D10A500098825 /* Debug */,
				199B97B6221D10A500098825 /* Release */,
			);
			defaultConfigurationIsVisible = 0;
			defaultConfigurationName = Release;
		};
		199B97B7221D10A500098825 /* Build configuration list for PBXNativeTarget "IHOUITests" */ = {
			isa = XCConfigurationList;
			buildConfigurations = (
				199B97B8221D10A500098825 /* Debug */,
				199B97B9221D10A500098825 /* Release */,
			);
			defaultConfigurationIsVisible = 0;
			defaultConfigurationName = Release;
		};
/* End XCConfigurationList section */
	};
	rootObject = 199B977F221D10A400098825 /* Project object */;
}
