// !$*UTF8*$!
{
	archiveVersion = 1;
	classes = {
	};
	objectVersion = 50;
	objects = {

/* Begin PBXBuildFile section */
		4581279B2245AB3800DDBFF8 /* AppDelegate.swift in Sources */ = {isa = PBXBuildFile; fileRef = 4581279A2245AB3800DDBFF8 /* AppDelegate.swift */; };
		4581279D2245AB3800DDBFF8 /* art.scnassets in Resources */ = {isa = PBXBuildFile; fileRef = 4581279C2245AB3800DDBFF8 /* art.scnassets */; };
		4581279F2245AB3800DDBFF8 /* ViewController.swift in Sources */ = {isa = PBXBuildFile; fileRef = 4581279E2245AB3800DDBFF8 /* ViewController.swift */; };
		458127A22245AB3800DDBFF8 /* Main.storyboard in Resources */ = {isa = PBXBuildFile; fileRef = 458127A02245AB3800DDBFF8 /* Main.storyboard */; };
		458127A42245AB3900DDBFF8 /* Assets.xcassets in Resources */ = {isa = PBXBuildFile; fileRef = 458127A32245AB3900DDBFF8 /* Assets.xcassets */; };
		458127A72245AB3900DDBFF8 /* LaunchScreen.storyboard in Resources */ = {isa = PBXBuildFile; fileRef = 458127A52245AB3900DDBFF8 /* LaunchScreen.storyboard */; };
		458127B22245AB3900DDBFF8 /* IHOTests.swift in Sources */ = {isa = PBXBuildFile; fileRef = 458127B12245AB3900DDBFF8 /* IHOTests.swift */; };
		458127BD2245AB3900DDBFF8 /* IHOUITests.swift in Sources */ = {isa = PBXBuildFile; fileRef = 458127BC2245AB3900DDBFF8 /* IHOUITests.swift */; };
/* End PBXBuildFile section */

/* Begin PBXContainerItemProxy section */
		458127AE2245AB3900DDBFF8 /* PBXContainerItemProxy */ = {
			isa = PBXContainerItemProxy;
			containerPortal = 4581278F2245AB3800DDBFF8 /* Project object */;
			proxyType = 1;
			remoteGlobalIDString = 458127962245AB3800DDBFF8;
			remoteInfo = IHO;
		};
		458127B92245AB3900DDBFF8 /* PBXContainerItemProxy */ = {
			isa = PBXContainerItemProxy;
			containerPortal = 4581278F2245AB3800DDBFF8 /* Project object */;
			proxyType = 1;
			remoteGlobalIDString = 458127962245AB3800DDBFF8;
			remoteInfo = IHO;
		};
/* End PBXContainerItemProxy section */

/* Begin PBXFileReference section */
		458127972245AB3800DDBFF8 /* IHO.app */ = {isa = PBXFileReference; explicitFileType = wrapper.application; includeInIndex = 0; path = IHO.app; sourceTree = BUILT_PRODUCTS_DIR; };
		4581279A2245AB3800DDBFF8 /* AppDelegate.swift */ = {isa = PBXFileReference; lastKnownFileType = sourcecode.swift; path = AppDelegate.swift; sourceTree = "<group>"; };
		4581279C2245AB3800DDBFF8 /* art.scnassets */ = {isa = PBXFileReference; lastKnownFileType = wrapper.scnassets; path = art.scnassets; sourceTree = "<group>"; };
		4581279E2245AB3800DDBFF8 /* ViewController.swift */ = {isa = PBXFileReference; lastKnownFileType = sourcecode.swift; path = ViewController.swift; sourceTree = "<group>"; };
		458127A12245AB3800DDBFF8 /* Base */ = {isa = PBXFileReference; lastKnownFileType = file.storyboard; name = Base; path = Base.lproj/Main.storyboard; sourceTree = "<group>"; };
		458127A32245AB3900DDBFF8 /* Assets.xcassets */ = {isa = PBXFileReference; lastKnownFileType = folder.assetcatalog; path = Assets.xcassets; sourceTree = "<group>"; };
		458127A62245AB3900DDBFF8 /* Base */ = {isa = PBXFileReference; lastKnownFileType = file.storyboard; name = Base; path = Base.lproj/LaunchScreen.storyboard; sourceTree = "<group>"; };
		458127A82245AB3900DDBFF8 /* Info.plist */ = {isa = PBXFileReference; lastKnownFileType = text.plist.xml; path = Info.plist; sourceTree = "<group>"; };
		458127AD2245AB3900DDBFF8 /* IHOTests.xctest */ = {isa = PBXFileReference; explicitFileType = wrapper.cfbundle; includeInIndex = 0; path = IHOTests.xctest; sourceTree = BUILT_PRODUCTS_DIR; };
		458127B12245AB3900DDBFF8 /* IHOTests.swift */ = {isa = PBXFileReference; lastKnownFileType = sourcecode.swift; path = IHOTests.swift; sourceTree = "<group>"; };
		458127B32245AB3900DDBFF8 /* Info.plist */ = {isa = PBXFileReference; lastKnownFileType = text.plist.xml; path = Info.plist; sourceTree = "<group>"; };
		458127B82245AB3900DDBFF8 /* IHOUITests.xctest */ = {isa = PBXFileReference; explicitFileType = wrapper.cfbundle; includeInIndex = 0; path = IHOUITests.xctest; sourceTree = BUILT_PRODUCTS_DIR; };
		458127BC2245AB3900DDBFF8 /* IHOUITests.swift */ = {isa = PBXFileReference; lastKnownFileType = sourcecode.swift; path = IHOUITests.swift; sourceTree = "<group>"; };
		458127BE2245AB3900DDBFF8 /* Info.plist */ = {isa = PBXFileReference; lastKnownFileType = text.plist.xml; path = Info.plist; sourceTree = "<group>"; };
/* End PBXFileReference section */

/* Begin PBXFrameworksBuildPhase section */
		458127942245AB3800DDBFF8 /* Frameworks */ = {
			isa = PBXFrameworksBuildPhase;
			buildActionMask = 2147483647;
			files = (
			);
			runOnlyForDeploymentPostprocessing = 0;
		};
		458127AA2245AB3900DDBFF8 /* Frameworks */ = {
			isa = PBXFrameworksBuildPhase;
			buildActionMask = 2147483647;
			files = (
			);
			runOnlyForDeploymentPostprocessing = 0;
		};
		458127B52245AB3900DDBFF8 /* Frameworks */ = {
			isa = PBXFrameworksBuildPhase;
			buildActionMask = 2147483647;
			files = (
			);
			runOnlyForDeploymentPostprocessing = 0;
		};
/* End PBXFrameworksBuildPhase section */

/* Begin PBXGroup section */
		4581278E2245AB3800DDBFF8 = {
			isa = PBXGroup;
			children = (
				458127992245AB3800DDBFF8 /* IHO */,
				458127B02245AB3900DDBFF8 /* IHOTests */,
				458127BB2245AB3900DDBFF8 /* IHOUITests */,
				458127982245AB3800DDBFF8 /* Products */,
			);
			sourceTree = "<group>";
		};
		458127982245AB3800DDBFF8 /* Products */ = {
			isa = PBXGroup;
			children = (
				458127972245AB3800DDBFF8 /* IHO.app */,
				458127AD2245AB3900DDBFF8 /* IHOTests.xctest */,
				458127B82245AB3900DDBFF8 /* IHOUITests.xctest */,
			);
			name = Products;
			sourceTree = "<group>";
		};
		458127992245AB3800DDBFF8 /* IHO */ = {
			isa = PBXGroup;
			children = (
				4581279A2245AB3800DDBFF8 /* AppDelegate.swift */,
				4581279C2245AB3800DDBFF8 /* art.scnassets */,
				4581279E2245AB3800DDBFF8 /* ViewController.swift */,
				458127A02245AB3800DDBFF8 /* Main.storyboard */,
				458127A32245AB3900DDBFF8 /* Assets.xcassets */,
				458127A52245AB3900DDBFF8 /* LaunchScreen.storyboard */,
				458127A82245AB3900DDBFF8 /* Info.plist */,
			);
			path = IHO;
			sourceTree = "<group>";
		};
		458127B02245AB3900DDBFF8 /* IHOTests */ = {
			isa = PBXGroup;
			children = (
				458127B12245AB3900DDBFF8 /* IHOTests.swift */,
				458127B32245AB3900DDBFF8 /* Info.plist */,
			);
			path = IHOTests;
			sourceTree = "<group>";
		};
		458127BB2245AB3900DDBFF8 /* IHOUITests */ = {
			isa = PBXGroup;
			children = (
				458127BC2245AB3900DDBFF8 /* IHOUITests.swift */,
				458127BE2245AB3900DDBFF8 /* Info.plist */,
			);
			path = IHOUITests;
			sourceTree = "<group>";
		};
/* End PBXGroup section */

/* Begin PBXNativeTarget section */
		458127962245AB3800DDBFF8 /* IHO */ = {
			isa = PBXNativeTarget;
			buildConfigurationList = 458127C12245AB3900DDBFF8 /* Build configuration list for PBXNativeTarget "IHO" */;
			buildPhases = (
				458127932245AB3800DDBFF8 /* Sources */,
				458127942245AB3800DDBFF8 /* Frameworks */,
				458127952245AB3800DDBFF8 /* Resources */,
			);
			buildRules = (
			);
			dependencies = (
			);
			name = IHO;
			productName = IHO;
			productReference = 458127972245AB3800DDBFF8 /* IHO.app */;
			productType = "com.apple.product-type.application";
		};
		458127AC2245AB3900DDBFF8 /* IHOTests */ = {
			isa = PBXNativeTarget;
			buildConfigurationList = 458127C42245AB3900DDBFF8 /* Build configuration list for PBXNativeTarget "IHOTests" */;
			buildPhases = (
				458127A92245AB3900DDBFF8 /* Sources */,
				458127AA2245AB3900DDBFF8 /* Frameworks */,
				458127AB2245AB3900DDBFF8 /* Resources */,
			);
			buildRules = (
			);
			dependencies = (
				458127AF2245AB3900DDBFF8 /* PBXTargetDependency */,
			);
			name = IHOTests;
			productName = IHOTests;
			productReference = 458127AD2245AB3900DDBFF8 /* IHOTests.xctest */;
			productType = "com.apple.product-type.bundle.unit-test";
		};
		458127B72245AB3900DDBFF8 /* IHOUITests */ = {
			isa = PBXNativeTarget;
			buildConfigurationList = 458127C72245AB3900DDBFF8 /* Build configuration list for PBXNativeTarget "IHOUITests" */;
			buildPhases = (
				458127B42245AB3900DDBFF8 /* Sources */,
				458127B52245AB3900DDBFF8 /* Frameworks */,
				458127B62245AB3900DDBFF8 /* Resources */,
			);
			buildRules = (
			);
			dependencies = (
				458127BA2245AB3900DDBFF8 /* PBXTargetDependency */,
			);
			name = IHOUITests;
			productName = IHOUITests;
			productReference = 458127B82245AB3900DDBFF8 /* IHOUITests.xctest */;
			productType = "com.apple.product-type.bundle.ui-testing";
		};
/* End PBXNativeTarget section */

/* Begin PBXProject section */
		4581278F2245AB3800DDBFF8 /* Project object */ = {
			isa = PBXProject;
			attributes = {
				LastSwiftUpdateCheck = 1010;
				LastUpgradeCheck = 1010;
				ORGANIZATIONNAME = vkasam;
				TargetAttributes = {
					458127962245AB3800DDBFF8 = {
						CreatedOnToolsVersion = 10.1;
					};
					458127AC2245AB3900DDBFF8 = {
						CreatedOnToolsVersion = 10.1;
						TestTargetID = 458127962245AB3800DDBFF8;
					};
					458127B72245AB3900DDBFF8 = {
						CreatedOnToolsVersion = 10.1;
						TestTargetID = 458127962245AB3800DDBFF8;
					};
				};
			};
			buildConfigurationList = 458127922245AB3800DDBFF8 /* Build configuration list for PBXProject "IHO" */;
			compatibilityVersion = "Xcode 9.3";
			developmentRegion = en;
			hasScannedForEncodings = 0;
			knownRegions = (
				en,
				Base,
			);
			mainGroup = 4581278E2245AB3800DDBFF8;
			productRefGroup = 458127982245AB3800DDBFF8 /* Products */;
			projectDirPath = "";
			projectRoot = "";
			targets = (
				458127962245AB3800DDBFF8 /* IHO */,
				458127AC2245AB3900DDBFF8 /* IHOTests */,
				458127B72245AB3900DDBFF8 /* IHOUITests */,
			);
		};
/* End PBXProject section */

/* Begin PBXResourcesBuildPhase section */
		458127952245AB3800DDBFF8 /* Resources */ = {
			isa = PBXResourcesBuildPhase;
			buildActionMask = 2147483647;
			files = (
				4581279D2245AB3800DDBFF8 /* art.scnassets in Resources */,
				458127A72245AB3900DDBFF8 /* LaunchScreen.storyboard in Resources */,
				458127A42245AB3900DDBFF8 /* Assets.xcassets in Resources */,
				458127A22245AB3800DDBFF8 /* Main.storyboard in Resources */,
			);
			runOnlyForDeploymentPostprocessing = 0;
		};
		458127AB2245AB3900DDBFF8 /* Resources */ = {
			isa = PBXResourcesBuildPhase;
			buildActionMask = 2147483647;
			files = (
			);
			runOnlyForDeploymentPostprocessing = 0;
		};
		458127B62245AB3900DDBFF8 /* Resources */ = {
			isa = PBXResourcesBuildPhase;
			buildActionMask = 2147483647;
			files = (
			);
			runOnlyForDeploymentPostprocessing = 0;
		};
/* End PBXResourcesBuildPhase section */

/* Begin PBXSourcesBuildPhase section */
		458127932245AB3800DDBFF8 /* Sources */ = {
			isa = PBXSourcesBuildPhase;
			buildActionMask = 2147483647;
			files = (
				4581279F2245AB3800DDBFF8 /* ViewController.swift in Sources */,
				4581279B2245AB3800DDBFF8 /* AppDelegate.swift in Sources */,
			);
			runOnlyForDeploymentPostprocessing = 0;
		};
		458127A92245AB3900DDBFF8 /* Sources */ = {
			isa = PBXSourcesBuildPhase;
			buildActionMask = 2147483647;
			files = (
				458127B22245AB3900DDBFF8 /* IHOTests.swift in Sources */,
			);
			runOnlyForDeploymentPostprocessing = 0;
		};
		458127B42245AB3900DDBFF8 /* Sources */ = {
			isa = PBXSourcesBuildPhase;
			buildActionMask = 2147483647;
			files = (
				458127BD2245AB3900DDBFF8 /* IHOUITests.swift in Sources */,
			);
			runOnlyForDeploymentPostprocessing = 0;
		};
/* End PBXSourcesBuildPhase section */

/* Begin PBXTargetDependency section */
		458127AF2245AB3900DDBFF8 /* PBXTargetDependency */ = {
			isa = PBXTargetDependency;
			target = 458127962245AB3800DDBFF8 /* IHO */;
			targetProxy = 458127AE2245AB3900DDBFF8 /* PBXContainerItemProxy */;
		};
		458127BA2245AB3900DDBFF8 /* PBXTargetDependency */ = {
			isa = PBXTargetDependency;
			target = 458127962245AB3800DDBFF8 /* IHO */;
			targetProxy = 458127B92245AB3900DDBFF8 /* PBXContainerItemProxy */;
		};
/* End PBXTargetDependency section */

/* Begin PBXVariantGroup section */
		458127A02245AB3800DDBFF8 /* Main.storyboard */ = {
			isa = PBXVariantGroup;
			children = (
				458127A12245AB3800DDBFF8 /* Base */,
			);
			name = Main.storyboard;
			sourceTree = "<group>";
		};
		458127A52245AB3900DDBFF8 /* LaunchScreen.storyboard */ = {
			isa = PBXVariantGroup;
			children = (
				458127A62245AB3900DDBFF8 /* Base */,
			);
			name = LaunchScreen.storyboard;
			sourceTree = "<group>";
		};
/* End PBXVariantGroup section */

/* Begin XCBuildConfiguration section */
		458127BF2245AB3900DDBFF8 /* Debug */ = {
			isa = XCBuildConfiguration;
			buildSettings = {
				ALWAYS_SEARCH_USER_PATHS = NO;
				CLANG_ANALYZER_NONNULL = YES;
				CLANG_ANALYZER_NUMBER_OBJECT_CONVERSION = YES_AGGRESSIVE;
				CLANG_CXX_LANGUAGE_STANDARD = "gnu++14";
				CLANG_CXX_LIBRARY = "libc++";
				CLANG_ENABLE_MODULES = YES;
				CLANG_ENABLE_OBJC_ARC = YES;
				CLANG_ENABLE_OBJC_WEAK = YES;
				CLANG_WARN_BLOCK_CAPTURE_AUTORELEASING = YES;
				CLANG_WARN_BOOL_CONVERSION = YES;
				CLANG_WARN_COMMA = YES;
				CLANG_WARN_CONSTANT_CONVERSION = YES;
				CLANG_WARN_DEPRECATED_OBJC_IMPLEMENTATIONS = YES;
				CLANG_WARN_DIRECT_OBJC_ISA_USAGE = YES_ERROR;
				CLANG_WARN_DOCUMENTATION_COMMENTS = YES;
				CLANG_WARN_EMPTY_BODY = YES;
				CLANG_WARN_ENUM_CONVERSION = YES;
				CLANG_WARN_INFINITE_RECURSION = YES;
				CLANG_WARN_INT_CONVERSION = YES;
				CLANG_WARN_NON_LITERAL_NULL_CONVERSION = YES;
				CLANG_WARN_OBJC_IMPLICIT_RETAIN_SELF = YES;
				CLANG_WARN_OBJC_LITERAL_CONVERSION = YES;
				CLANG_WARN_OBJC_ROOT_CLASS = YES_ERROR;
				CLANG_WARN_RANGE_LOOP_ANALYSIS = YES;
				CLANG_WARN_STRICT_PROTOTYPES = YES;
				CLANG_WARN_SUSPICIOUS_MOVE = YES;
				CLANG_WARN_UNGUARDED_AVAILABILITY = YES_AGGRESSIVE;
				CLANG_WARN_UNREACHABLE_CODE = YES;
				CLANG_WARN__DUPLICATE_METHOD_MATCH = YES;
				CODE_SIGN_IDENTITY = "iPhone Developer";
				COPY_PHASE_STRIP = NO;
				DEBUG_INFORMATION_FORMAT = dwarf;
				ENABLE_STRICT_OBJC_MSGSEND = YES;
				ENABLE_TESTABILITY = YES;
				GCC_C_LANGUAGE_STANDARD = gnu11;
				GCC_DYNAMIC_NO_PIC = NO;
				GCC_NO_COMMON_BLOCKS = YES;
				GCC_OPTIMIZATION_LEVEL = 0;
				GCC_PREPROCESSOR_DEFINITIONS = (
					"DEBUG=1",
					"$(inherited)",
				);
				GCC_WARN_64_TO_32_BIT_CONVERSION = YES;
				GCC_WARN_ABOUT_RETURN_TYPE = YES_ERROR;
				GCC_WARN_UNDECLARED_SELECTOR = YES;
				GCC_WARN_UNINITIALIZED_AUTOS = YES_AGGRESSIVE;
				GCC_WARN_UNUSED_FUNCTION = YES;
				GCC_WARN_UNUSED_VARIABLE = YES;
				IPHONEOS_DEPLOYMENT_TARGET = 12.1;
				MTL_ENABLE_DEBUG_INFO = INCLUDE_SOURCE;
				MTL_FAST_MATH = YES;
				ONLY_ACTIVE_ARCH = YES;
				SDKROOT = iphoneos;
				SWIFT_ACTIVE_COMPILATION_CONDITIONS = DEBUG;
				SWIFT_OPTIMIZATION_LEVEL = "-Onone";
			};
			name = Debug;
		};
		458127C02245AB3900DDBFF8 /* Release */ = {
			isa = XCBuildConfiguration;
			buildSettings = {
				ALWAYS_SEARCH_USER_PATHS = NO;
				CLANG_ANALYZER_NONNULL = YES;
				CLANG_ANALYZER_NUMBER_OBJECT_CONVERSION = YES_AGGRESSIVE;
				CLANG_CXX_LANGUAGE_STANDARD = "gnu++14";
				CLANG_CXX_LIBRARY = "libc++";
				CLANG_ENABLE_MODULES = YES;
				CLANG_ENABLE_OBJC_ARC = YES;
				CLANG_ENABLE_OBJC_WEAK = YES;
				CLANG_WARN_BLOCK_CAPTURE_AUTORELEASING = YES;
				CLANG_WARN_BOOL_CONVERSION = YES;
				CLANG_WARN_COMMA = YES;
				CLANG_WARN_CONSTANT_CONVERSION = YES;
				CLANG_WARN_DEPRECATED_OBJC_IMPLEMENTATIONS = YES;
				CLANG_WARN_DIRECT_OBJC_ISA_USAGE = YES_ERROR;
				CLANG_WARN_DOCUMENTATION_COMMENTS = YES;
				CLANG_WARN_EMPTY_BODY = YES;
				CLANG_WARN_ENUM_CONVERSION = YES;
				CLANG_WARN_INFINITE_RECURSION = YES;
				CLANG_WARN_INT_CONVERSION = YES;
				CLANG_WARN_NON_LITERAL_NULL_CONVERSION = YES;
				CLANG_WARN_OBJC_IMPLICIT_RETAIN_SELF = YES;
				CLANG_WARN_OBJC_LITERAL_CONVERSION = YES;
				CLANG_WARN_OBJC_ROOT_CLASS = YES_ERROR;
				CLANG_WARN_RANGE_LOOP_ANALYSIS = YES;
				CLANG_WARN_STRICT_PROTOTYPES = YES;
				CLANG_WARN_SUSPICIOUS_MOVE = YES;
				CLANG_WARN_UNGUARDED_AVAILABILITY = YES_AGGRESSIVE;
				CLANG_WARN_UNREACHABLE_CODE = YES;
				CLANG_WARN__DUPLICATE_METHOD_MATCH = YES;
				CODE_SIGN_IDENTITY = "iPhone Developer";
				COPY_PHASE_STRIP = NO;
				DEBUG_INFORMATION_FORMAT = "dwarf-with-dsym";
				ENABLE_NS_ASSERTIONS = NO;
				ENABLE_STRICT_OBJC_MSGSEND = YES;
				GCC_C_LANGUAGE_STANDARD = gnu11;
				GCC_NO_COMMON_BLOCKS = YES;
				GCC_WARN_64_TO_32_BIT_CONVERSION = YES;
				GCC_WARN_ABOUT_RETURN_TYPE = YES_ERROR;
				GCC_WARN_UNDECLARED_SELECTOR = YES;
				GCC_WARN_UNINITIALIZED_AUTOS = YES_AGGRESSIVE;
				GCC_WARN_UNUSED_FUNCTION = YES;
				GCC_WARN_UNUSED_VARIABLE = YES;
				IPHONEOS_DEPLOYMENT_TARGET = 12.1;
				MTL_ENABLE_DEBUG_INFO = NO;
				MTL_FAST_MATH = YES;
				SDKROOT = iphoneos;
				SWIFT_COMPILATION_MODE = wholemodule;
				SWIFT_OPTIMIZATION_LEVEL = "-O";
				VALIDATE_PRODUCT = YES;
			};
			name = Release;
		};
		458127C22245AB3900DDBFF8 /* Debug */ = {
			isa = XCBuildConfiguration;
			buildSettings = {
				ASSETCATALOG_COMPILER_APPICON_NAME = AppIcon;
				CODE_SIGN_IDENTITY = "iPhone Developer";
				CODE_SIGN_STYLE = Automatic;
				DEVELOPMENT_TEAM = GP75U9KP75;
				INFOPLIST_FILE = IHO/Info.plist;
				LD_RUNPATH_SEARCH_PATHS = (
					"$(inherited)",
					"@executable_path/Frameworks",
				);
				PRODUCT_BUNDLE_IDENTIFIER = "divya-test";
				PRODUCT_NAME = "$(TARGET_NAME)";
				PROVISIONING_PROFILE_SPECIFIER = "";
				SWIFT_VERSION = 4.2;
				TARGETED_DEVICE_FAMILY = "1,2";
			};
			name = Debug;
		};
		458127C32245AB3900DDBFF8 /* Release */ = {
			isa = XCBuildConfiguration;
			buildSettings = {
				ASSETCATALOG_COMPILER_APPICON_NAME = AppIcon;
				CODE_SIGN_IDENTITY = "iPhone Developer";
				CODE_SIGN_STYLE = Automatic;
				DEVELOPMENT_TEAM = GP75U9KP75;
				INFOPLIST_FILE = IHO/Info.plist;
				LD_RUNPATH_SEARCH_PATHS = (
					"$(inherited)",
					"@executable_path/Frameworks",
				);
				PRODUCT_BUNDLE_IDENTIFIER = "divya-test";
				PRODUCT_NAME = "$(TARGET_NAME)";
				PROVISIONING_PROFILE_SPECIFIER = "";
				SWIFT_VERSION = 4.2;
				TARGETED_DEVICE_FAMILY = "1,2";
			};
			name = Release;
		};
		458127C52245AB3900DDBFF8 /* Debug */ = {
			isa = XCBuildConfiguration;
			buildSettings = {
				ALWAYS_EMBED_SWIFT_STANDARD_LIBRARIES = YES;
				BUNDLE_LOADER = "$(TEST_HOST)";
				CODE_SIGN_STYLE = Automatic;
				DEVELOPMENT_TEAM = GP75U9KP75;
				INFOPLIST_FILE = IHOTests/Info.plist;
				LD_RUNPATH_SEARCH_PATHS = (
					"$(inherited)",
					"@executable_path/Frameworks",
					"@loader_path/Frameworks",
				);
				PRODUCT_BUNDLE_IDENTIFIER = com.divya.IHOTests;
				PRODUCT_NAME = "$(TARGET_NAME)";
				SWIFT_VERSION = 4.2;
				TARGETED_DEVICE_FAMILY = "1,2";
				TEST_HOST = "$(BUILT_PRODUCTS_DIR)/IHO.app/IHO";
			};
			name = Debug;
		};
		458127C62245AB3900DDBFF8 /* Release */ = {
			isa = XCBuildConfiguration;
			buildSettings = {
				ALWAYS_EMBED_SWIFT_STANDARD_LIBRARIES = YES;
				BUNDLE_LOADER = "$(TEST_HOST)";
				CODE_SIGN_STYLE = Automatic;
				DEVELOPMENT_TEAM = GP75U9KP75;
				INFOPLIST_FILE = IHOTests/Info.plist;
				LD_RUNPATH_SEARCH_PATHS = (
					"$(inherited)",
					"@executable_path/Frameworks",
					"@loader_path/Frameworks",
				);
				PRODUCT_BUNDLE_IDENTIFIER = com.divya.IHOTests;
				PRODUCT_NAME = "$(TARGET_NAME)";
				SWIFT_VERSION = 4.2;
				TARGETED_DEVICE_FAMILY = "1,2";
				TEST_HOST = "$(BUILT_PRODUCTS_DIR)/IHO.app/IHO";
			};
			name = Release;
		};
		458127C82245AB3900DDBFF8 /* Debug */ = {
			isa = XCBuildConfiguration;
			buildSettings = {
				ALWAYS_EMBED_SWIFT_STANDARD_LIBRARIES = YES;
				CODE_SIGN_STYLE = Automatic;
				DEVELOPMENT_TEAM = GP75U9KP75;
				INFOPLIST_FILE = IHOUITests/Info.plist;
				LD_RUNPATH_SEARCH_PATHS = (
					"$(inherited)",
					"@executable_path/Frameworks",
					"@loader_path/Frameworks",
				);
				PRODUCT_BUNDLE_IDENTIFIER = com.divya.IHOUITests;
				PRODUCT_NAME = "$(TARGET_NAME)";
				SWIFT_VERSION = 4.2;
				TARGETED_DEVICE_FAMILY = "1,2";
				TEST_TARGET_NAME = IHO;
			};
			name = Debug;
		};
		458127C92245AB3900DDBFF8 /* Release */ = {
			isa = XCBuildConfiguration;
			buildSettings = {
				ALWAYS_EMBED_SWIFT_STANDARD_LIBRARIES = YES;
				CODE_SIGN_STYLE = Automatic;
				DEVELOPMENT_TEAM = GP75U9KP75;
				INFOPLIST_FILE = IHOUITests/Info.plist;
				LD_RUNPATH_SEARCH_PATHS = (
					"$(inherited)",
					"@executable_path/Frameworks",
					"@loader_path/Frameworks",
				);
				PRODUCT_BUNDLE_IDENTIFIER = com.divya.IHOUITests;
				PRODUCT_NAME = "$(TARGET_NAME)";
				SWIFT_VERSION = 4.2;
				TARGETED_DEVICE_FAMILY = "1,2";
				TEST_TARGET_NAME = IHO;
			};
			name = Release;
		};
/* End XCBuildConfiguration section */

/* Begin XCConfigurationList section */
		458127922245AB3800DDBFF8 /* Build configuration list for PBXProject "IHO" */ = {
			isa = XCConfigurationList;
			buildConfigurations = (
				458127BF2245AB3900DDBFF8 /* Debug */,
				458127C02245AB3900DDBFF8 /* Release */,
			);
			defaultConfigurationIsVisible = 0;
			defaultConfigurationName = Release;
		};
		458127C12245AB3900DDBFF8 /* Build configuration list for PBXNativeTarget "IHO" */ = {
			isa = XCConfigurationList;
			buildConfigurations = (
				458127C22245AB3900DDBFF8 /* Debug */,
				458127C32245AB3900DDBFF8 /* Release */,
			);
			defaultConfigurationIsVisible = 0;
			defaultConfigurationName = Release;
		};
		458127C42245AB3900DDBFF8 /* Build configuration list for PBXNativeTarget "IHOTests" */ = {
			isa = XCConfigurationList;
			buildConfigurations = (
				458127C52245AB3900DDBFF8 /* Debug */,
				458127C62245AB3900DDBFF8 /* Release */,
			);
			defaultConfigurationIsVisible = 0;
			defaultConfigurationName = Release;
		};
		458127C72245AB3900DDBFF8 /* Build configuration list for PBXNativeTarget "IHOUITests" */ = {
			isa = XCConfigurationList;
			buildConfigurations = (
				458127C82245AB3900DDBFF8 /* Debug */,
				458127C92245AB3900DDBFF8 /* Release */,
			);
			defaultConfigurationIsVisible = 0;
			defaultConfigurationName = Release;
		};
/* End XCConfigurationList section */
	};
	rootObject = 4581278F2245AB3800DDBFF8 /* Project object */;
}
